{
  "name": "js_test",
  "lockfileVersion": 3,
  "requires": true,
  "packages": {
    "": {
      "dependencies": {
        "iztro": "^2.5.0"
      }
    },
    "node_modules/@babel/runtime": {
      "version": "7.27.1",
      "resolved": "https://registry.npmjs.org/@babel/runtime/-/runtime-7.27.1.tgz",
      "integrity": "sha512-1x3D2xEk2fRo3PAhwQwu5UubzgiVWSXTBfWpVd2Mx2AzRqJuDJCsgaDVZ7HB5iGzDW1Hl1sWN2mFyKjmR9uAog==",
      "license": "MIT",
      "engines": {
        "node": ">=6.9.0"
      }
    },
    "node_modules/dayjs": {
      "version": "1.11.13",
      "resolved": "https://registry.npmjs.org/dayjs/-/dayjs-1.11.13.tgz",
      "integrity": "sha512-oaMBel6gjolK862uaPQOVTA7q3TZhuSvuMQAAglQDOWYO9A91IrAOUJEyKVlqJlHE0vq5p5UXxzdPfMH/x6xNg==",
      "license": "MIT"
    },
    "node_modules/i18next": {
      "version": "23.16.8",
      "resolved": "https://registry.npmjs.org/i18next/-/i18next-23.16.8.tgz",
      "integrity": "sha512-06r/TitrM88Mg5FdUXAKL96dJMzgqLE5dv3ryBAra4KCwD9mJ4ndOTS95ZuymIGoE+2hzfdaMak2X11/es7ZWg==",
      "funding": [
        {
          "type": "individual",
          "url": "https://locize.com"
        },
        {
          "type": "individual",
          "url": "https://locize.com/i18next.html"
        },
        {
          "type": "individual",
          "url": "https://www.i18next.com/how-to/faq#i18next-is-awesome.-how-can-i-support-the-project"
        }
      ],
      "license": "MIT",
      "dependencies": {
        "@babel/runtime": "^7.23.2"
      }
    },
    "node_modules/iztro": {
      "version": "2.5.0",
      "resolved": "https://registry.npmjs.org/iztro/-/iztro-2.5.0.tgz",
      "integrity": "sha512-+LR4JokjBjMV6AmyluAm3wugBCbrhpC76MqGURPdJccni3MmDPtembPGC3vbwHb5JCscXKQ2e8uolQtmBb4ONw==",
      "license": "MIT",
      "dependencies": {
        "dayjs": "^1.11.10",
        "i18next": "^23.5.1",
        "lunar-lite": "^0.2.3",
        "lunar-typescript": "^1.7.8"
      }
    },
    "node_modules/lunar-lite": {
      "version": "0.2.3",
      "resolved": "https://registry.npmjs.org/lunar-lite/-/lunar-lite-0.2.3.tgz",
      "integrity": "sha512-sI8BMt3Q9RFvRJSKOdrutxRVc+REVmo709aeUKlAJFOg04+/PS9z/wORDVLJzo+fgBE7cdiIKGbNk1yU6emepg==",
      "license": "MIT",
      "dependencies": {
        "lunar-typescript": "^1.7.5"
      }
    },
    "node_modules/lunar-typescript": {
      "version": "1.8.0",
      "resolved": "https://registry.npmjs.org/lunar-typescript/-/lunar-typescript-1.8.0.tgz",
      "integrity": "sha512-hz6JtkC30sd1MrdQ9QEPLrJ+ILlRVLZNWDyZUcU3p8VaYOKRqPoICwsrplM6BVAPRwwf360EFe+PukA+i8LmAw==",
      "license": "MIT"
    }
  }
}
